
Microsoft Visual Studio Solution File, Format Version 12.00
# Visual Studio Version 17
VisualStudioVersion = 17.4.33103.184
MinimumVisualStudioVersion = 10.0.40219.1
Project("{FAE04EC0-301F-11D3-BF4B-00C04F79EFBC}") = "World.Cup.Simulator", "World.Cup.Simulator.csproj", "{5D9AE7DC-2A31-4CCB-A7C5-079F605854FA}"
EndProject
Global
	GlobalSection(SolutionConfigurationPlatforms) = preSolution
		Debug|Any CPU = Debug|Any CPU
		Release|Any CPU = Release|Any CPU
	EndGlobalSection
	GlobalSection(ProjectConfigurationPlatforms) = postSolution
		{5D9AE7DC-2A31-4CCB-A7C5-079F605854FA}.Debug|Any CPU.ActiveCfg = Debug|Any CPU
		{5D9AE7DC-2A31-4CCB-A7C5-079F605854FA}.Debug|Any CPU.Build.0 = Debug|Any CPU
		{5D9AE7DC-2A31-4CCB-A7C5-079F605854FA}.Release|Any CPU.ActiveCfg = Release|Any CPU
		{5D9AE7DC-2A31-4CCB-A7C5-079F605854FA}.Release|Any CPU.Build.0 = Release|Any CPU
	EndGlobalSection
	GlobalSection(SolutionProperties) = preSolution
		HideSolutionNode = FALSE
	EndGlobalSection
	GlobalSection(ExtensibilityGlobals) = postSolution
		SolutionGuid = {8A1CF2E2-A78F-4D84-A6CC-C554A3881393}
	EndGlobalSection
EndGlobal
